
Microsoft Visual Studio Solution File, Format Version 12.00
# Visual Studio Version 17
VisualStudioVersion = 17.8.34330.188
MinimumVisualStudioVersion = 10.0.40219.1
Project("{FAE04EC0-301F-11D3-BF4B-00C04F79EFBC}") = "Moms250Blazor", "Moms250Blazor\Moms250Blazor.csproj", "{2022C4E2-5F99-48F6-BB04-317CC71EC9CF}"
EndProject
Global
	GlobalSection(SolutionConfigurationPlatforms) = preSolution
		Debug|Any CPU = Debug|Any CPU
		Release|Any CPU = Release|Any CPU
	EndGlobalSection
	GlobalSection(ProjectConfigurationPlatforms) = postSolution
		{2022C4E2-5F99-48F6-BB04-317CC71EC9CF}.Debug|Any CPU.ActiveCfg = Debug|Any CPU
		{2022C4E2-5F99-48F6-BB04-317CC71EC9CF}.Debug|Any CPU.Build.0 = Debug|Any CPU
		{2022C4E2-5F99-48F6-BB04-317CC71EC9CF}.Release|Any CPU.ActiveCfg = Release|Any CPU
		{2022C4E2-5F99-48F6-BB04-317CC71EC9CF}.Release|Any CPU.Build.0 = Release|Any CPU
	EndGlobalSection
	GlobalSection(SolutionProperties) = preSolution
		HideSolutionNode = FALSE
	EndGlobalSection
	GlobalSection(ExtensibilityGlobals) = postSolution
		SolutionGuid = {F128321E-B345-4FFE-9B86-247FD349B29D}
	EndGlobalSection
EndGlobal
